
Microsoft Visual Studio Solution File, Format Version 12.00
# Visual Studio Version 17
VisualStudioVersion = 17.3.32901.215
MinimumVisualStudioVersion = 10.0.40219.1
Project("{FAE04EC0-301F-11D3-BF4B-00C04F79EFBC}") = "Day6LogicalPrograms", "Day6LogicalPrograms\Day6LogicalPrograms.csproj", "{DC64FE17-9500-4141-96AC-37BF92ED5ECD}"
EndProject
Global
	GlobalSection(SolutionConfigurationPlatforms) = preSolution
		Debug|Any CPU = Debug|Any CPU
		Release|Any CPU = Release|Any CPU
	EndGlobalSection
	GlobalSection(ProjectConfigurationPlatforms) = postSolution
		{DC64FE17-9500-4141-96AC-37BF92ED5ECD}.Debug|Any CPU.ActiveCfg = Debug|Any CPU
		{DC64FE17-9500-4141-96AC-37BF92ED5ECD}.Debug|Any CPU.Build.0 = Debug|Any CPU
		{DC64FE17-9500-4141-96AC-37BF92ED5ECD}.Release|Any CPU.ActiveCfg = Release|Any CPU
		{DC64FE17-9500-4141-96AC-37BF92ED5ECD}.Release|Any CPU.Build.0 = Release|Any CPU
	EndGlobalSection
	GlobalSection(SolutionProperties) = preSolution
		HideSolutionNode = FALSE
	EndGlobalSection
	GlobalSection(ExtensibilityGlobals) = postSolution
		SolutionGuid = {ED5904BF-6CFE-406E-A2FD-41A858D40158}
	EndGlobalSection
EndGlobal
